<?xml version="1.0" encoding="utf-8"?>
<Project ToolsVersion="4.0" xmlns="http://schemas.microsoft.com/developer/msbuild/2003">
  <ItemGroup>
    <Filter Include="Dollop">
      <UniqueIdentifier>{8F8293AE-7B24-BE84-64DF-D1D8502045D5}</UniqueIdentifier>
    </Filter>
  </ItemGroup>
  <ItemGroup>
    <ClInclude Include="src\Dollop.h" />
    <ClInclude Include="src\Dollop\Application.h">
      <Filter>Dollop</Filter>
    </ClInclude>
    <ClInclude Include="src\Dollop\Core.h">
      <Filter>Dollop</Filter>
    </ClInclude>
    <ClInclude Include="src\Dollop\EntryPoint.h">
      <Filter>Dollop</Filter>
    </ClInclude>
    <ClInclude Include="src\Dollop\Log.h">
      <Filter>Dollop</Filter>
    </ClInclude>
  </ItemGroup>
  <ItemGroup>
    <ClCompile Include="src\Dollop\Application.cpp">
      <Filter>Dollop</Filter>
    </ClCompile>
    <ClCompile Include="src\Dollop\Log.cpp">
      <Filter>Dollop</Filter>
    </ClCompile>
  </ItemGroup>
</Project>